
Microsoft Visual Studio Solution File, Format Version 12.00
# Visual Studio Version 17
VisualStudioVersion = 17.3.32819.101
MinimumVisualStudioVersion = 10.0.40219.1
Project("{FAE04EC0-301F-11D3-BF4B-00C04F79EFBC}") = "Ethereal.Client", "Ethereal.Client.csproj", "{04F3383A-B8A7-4B18-98C5-E95DF07BFFB1}"
EndProject
Global
	GlobalSection(SolutionConfigurationPlatforms) = preSolution
		Debug|Any CPU = Debug|Any CPU
		Release|Any CPU = Release|Any CPU
	EndGlobalSection
	GlobalSection(ProjectConfigurationPlatforms) = postSolution
		{04F3383A-B8A7-4B18-98C5-E95DF07BFFB1}.Debug|Any CPU.ActiveCfg = Debug|Any CPU
		{04F3383A-B8A7-4B18-98C5-E95DF07BFFB1}.Debug|Any CPU.Build.0 = Debug|Any CPU
		{04F3383A-B8A7-4B18-98C5-E95DF07BFFB1}.Release|Any CPU.ActiveCfg = Release|Any CPU
		{04F3383A-B8A7-4B18-98C5-E95DF07BFFB1}.Release|Any CPU.Build.0 = Release|Any CPU
	EndGlobalSection
	GlobalSection(SolutionProperties) = preSolution
		HideSolutionNode = FALSE
	EndGlobalSection
	GlobalSection(ExtensibilityGlobals) = postSolution
		SolutionGuid = {931E24D9-3FB9-452D-8557-7A58B988ECB3}
	EndGlobalSection
EndGlobal
